// !$*UTF8*$!
{
	archiveVersion = 1;
	classes = {
	};
	objectVersion = 46;
	objects = {

/* Begin PBXBuildFile section */
		278022231C216B2900E7AC47 /* AppDelegate.swift in Sources */ = {isa = PBXBuildFile; fileRef = 278022221C216B2900E7AC47 /* AppDelegate.swift */; };
		278022251C216B2900E7AC47 /* ViewController.swift in Sources */ = {isa = PBXBuildFile; fileRef = 278022241C216B2900E7AC47 /* ViewController.swift */; };
		278022281C216B2900E7AC47 /* Main.storyboard in Resources */ = {isa = PBXBuildFile; fileRef = 278022261C216B2900E7AC47 /* Main.storyboard */; };
		2780222A1C216B2900E7AC47 /* Images.xcassets in Resources */ = {isa = PBXBuildFile; fileRef = 278022291C216B2900E7AC47 /* Images.xcassets */; };
		2780222D1C216B2900E7AC47 /* LaunchScreen.xib in Resources */ = {isa = PBXBuildFile; fileRef = 2780222B1C216B2900E7AC47 /* LaunchScreen.xib */; };
		278022391C216B2900E7AC47 /* swiftNongJiBangTests.swift in Sources */ = {isa = PBXBuildFile; fileRef = 278022381C216B2900E7AC47 /* swiftNongJiBangTests.swift */; };
/* End PBXBuildFile section */

/* Begin PBXContainerItemProxy section */
		278022331C216B2900E7AC47 /* PBXContainerItemProxy */ = {
			isa = PBXContainerItemProxy;
			containerPortal = 278022151C216B2900E7AC47 /* Project object */;
			proxyType = 1;
			remoteGlobalIDString = 2780221C1C216B2900E7AC47;
			remoteInfo = swiftNongJiBang;
		};
/* End PBXContainerItemProxy section */

/* Begin PBXFileReference section */
		2780221D1C216B2900E7AC47 /* swiftNongJiBang.app */ = {isa = PBXFileReference; explicitFileType = wrapper.application; includeInIndex = 0; path = swiftNongJiBang.app; sourceTree = BUILT_PRODUCTS_DIR; };
		278022211C216B2900E7AC47 /* Info.plist */ = {isa = PBXFileReference; lastKnownFileType = text.plist.xml; path = Info.plist; sourceTree = "<group>"; };
		278022221C216B2900E7AC47 /* AppDelegate.swift */ = {isa = PBXFileReference; lastKnownFileType = sourcecode.swift; path = AppDelegate.swift; sourceTree = "<group>"; };
		278022241C216B2900E7AC47 /* ViewController.swift */ = {isa = PBXFileReference; lastKnownFileType = sourcecode.swift; path = ViewController.swift; sourceTree = "<group>"; };
		278022271C216B2900E7AC47 /* Base */ = {isa = PBXFileReference; lastKnownFileType = file.storyboard; name = Base; path = Base.lproj/Main.storyboard; sourceTree = "<group>"; };
		278022291C216B2900E7AC47 /* Images.xcassets */ = {isa = PBXFileReference; lastKnownFileType = folder.assetcatalog; path = Images.xcassets; sourceTree = "<group>"; };
		2780222C1C216B2900E7AC47 /* Base */ = {isa = PBXFileReference; lastKnownFileType = file.xib; name = Base; path = Base.lproj/LaunchScreen.xib; sourceTree = "<group>"; };
		278022321C216B2900E7AC47 /* swiftNongJiBangTests.xctest */ = {isa = PBXFileReference; explicitFileType = wrapper.cfbundle; includeInIndex = 0; path = swiftNongJiBangTests.xctest; sourceTree = BUILT_PRODUCTS_DIR; };
		278022371C216B2900E7AC47 /* Info.plist */ = {isa = PBXFileReference; lastKnownFileType = text.plist.xml; path = Info.plist; sourceTree = "<group>"; };
		278022381C216B2900E7AC47 /* swiftNongJiBangTests.swift */ = {isa = PBXFileReference; lastKnownFileType = sourcecode.swift; path = swiftNongJiBangTests.swift; sourceTree = "<group>"; };
/* End PBXFileReference section */

/* Begin PBXFrameworksBuildPhase section */
		2780221A1C216B2900E7AC47 /* Frameworks */ = {
			isa = PBXFrameworksBuildPhase;
			buildActionMask = 2147483647;
			files = (
			);
			runOnlyForDeploymentPostprocessing = 0;
		};
		2780222F1C216B2900E7AC47 /* Frameworks */ = {
			isa = PBXFrameworksBuildPhase;
			buildActionMask = 2147483647;
			files = (
			);
			runOnlyForDeploymentPostprocessing = 0;
		};
/* End PBXFrameworksBuildPhase section */

/* Begin PBXGroup section */
		278022141C216B2900E7AC47 = {
			isa = PBXGroup;
			children = (
				2780221F1C216B2900E7AC47 /* swiftNongJiBang */,
				278022351C216B2900E7AC47 /* swiftNongJiBangTests */,
				2780221E1C216B2900E7AC47 /* Products */,
			);
			sourceTree = "<group>";
		};
		2780221E1C216B2900E7AC47 /* Products */ = {
			isa = PBXGroup;
			children = (
				2780221D1C216B2900E7AC47 /* swiftNongJiBang.app */,
				278022321C216B2900E7AC47 /* swiftNongJiBangTests.xctest */,
			);
			name = Products;
			sourceTree = "<group>";
		};
		2780221F1C216B2900E7AC47 /* swiftNongJiBang */ = {
			isa = PBXGroup;
			children = (
				278022221C216B2900E7AC47 /* AppDelegate.swift */,
				278022241C216B2900E7AC47 /* ViewController.swift */,
				278022261C216B2900E7AC47 /* Main.storyboard */,
				278022291C216B2900E7AC47 /* Images.xcassets */,
				2780222B1C216B2900E7AC47 /* LaunchScreen.xib */,
				278022201C216B2900E7AC47 /* Supporting Files */,
			);
			path = swiftNongJiBang;
			sourceTree = "<group>";
		};
		278022201C216B2900E7AC47 /* Supporting Files */ = {
			isa = PBXGroup;
			children = (
				278022211C216B2900E7AC47 /* Info.plist */,
			);
			name = "Supporting Files";
			sourceTree = "<group>";
		};
		278022351C216B2900E7AC47 /* swiftNongJiBangTests */ = {
			isa = PBXGroup;
			children = (
				278022381C216B2900E7AC47 /* swiftNongJiBangTests.swift */,
				278022361C216B2900E7AC47 /* Supporting Files */,
			);
			path = swiftNongJiBangTests;
			sourceTree = "<group>";
		};
		278022361C216B2900E7AC47 /* Supporting Files */ = {
			isa = PBXGroup;
			children = (
				278022371C216B2900E7AC47 /* Info.plist */,
			);
			name = "Supporting Files";
			sourceTree = "<group>";
		};
/* End PBXGroup section */

/* Begin PBXNativeTarget section */
		2780221C1C216B2900E7AC47 /* swiftNongJiBang */ = {
			isa = PBXNativeTarget;
			buildConfigurationList = 2780223C1C216B2900E7AC47 /* Build configuration list for PBXNativeTarget "swiftNongJiBang" */;
			buildPhases = (
				278022191C216B2900E7AC47 /* Sources */,
				2780221A1C216B2900E7AC47 /* Frameworks */,
				2780221B1C216B2900E7AC47 /* Resources */,
			);
			buildRules = (
			);
			dependencies = (
			);
			name = swiftNongJiBang;
			productName = swiftNongJiBang;
			productReference = 2780221D1C216B2900E7AC47 /* swiftNongJiBang.app */;
			productType = "com.apple.product-type.application";
		};
		278022311C216B2900E7AC47 /* swiftNongJiBangTests */ = {
			isa = PBXNativeTarget;
			buildConfigurationList = 2780223F1C216B2900E7AC47 /* Build configuration list for PBXNativeTarget "swiftNongJiBangTests" */;
			buildPhases = (
				2780222E1C216B2900E7AC47 /* Sources */,
				2780222F1C216B2900E7AC47 /* Frameworks */,
				278022301C216B2900E7AC47 /* Resources */,
			);
			buildRules = (
			);
			dependencies = (
				278022341C216B2900E7AC47 /* PBXTargetDependency */,
			);
			name = swiftNongJiBangTests;
			productName = swiftNongJiBangTests;
			productReference = 278022321C216B2900E7AC47 /* swiftNongJiBangTests.xctest */;
			productType = "com.apple.product-type.bundle.unit-test";
		};
/* End PBXNativeTarget section */

/* Begin PBXProject section */
		278022151C216B2900E7AC47 /* Project object */ = {
			isa = PBXProject;
			attributes = {
				LastUpgradeCheck = 0610;
				ORGANIZATIONNAME = xiyang;
				TargetAttributes = {
					2780221C1C216B2900E7AC47 = {
						CreatedOnToolsVersion = 6.1;
					};
					278022311C216B2900E7AC47 = {
						CreatedOnToolsVersion = 6.1;
						TestTargetID = 2780221C1C216B2900E7AC47;
					};
				};
			};
			buildConfigurationList = 278022181C216B2900E7AC47 /* Build configuration list for PBXProject "swiftNongJiBang" */;
			compatibilityVersion = "Xcode 3.2";
			developmentRegion = English;
			hasScannedForEncodings = 0;
			knownRegions = (
				en,
				Base,
			);
			mainGroup = 278022141C216B2900E7AC47;
			productRefGroup = 2780221E1C216B2900E7AC47 /* Products */;
			projectDirPath = "";
			projectRoot = "";
			targets = (
				2780221C1C216B2900E7AC47 /* swiftNongJiBang */,
				278022311C216B2900E7AC47 /* swiftNongJiBangTests */,
			);
		};
/* End PBXProject section */

/* Begin PBXResourcesBuildPhase section */
		2780221B1C216B2900E7AC47 /* Resources */ = {
			isa = PBXResourcesBuildPhase;
			buildActionMask = 2147483647;
			files = (
				278022281C216B2900E7AC47 /* Main.storyboard in Resources */,
				2780222D1C216B2900E7AC47 /* LaunchScreen.xib in Resources */,
				2780222A1C216B2900E7AC47 /* Images.xcassets in Resources */,
			);
			runOnlyForDeploymentPostprocessing = 0;
		};
		278022301C216B2900E7AC47 /* Resources */ = {
			isa = PBXResourcesBuildPhase;
			buildActionMask = 2147483647;
			files = (
			);
			runOnlyForDeploymentPostprocessing = 0;
		};
/* End PBXResourcesBuildPhase section */

/* Begin PBXSourcesBuildPhase section */
		278022191C216B2900E7AC47 /* Sources */ = {
			isa = PBXSourcesBuildPhase;
			buildActionMask = 2147483647;
			files = (
				278022251C216B2900E7AC47 /* ViewController.swift in Sources */,
				278022231C216B2900E7AC47 /* AppDelegate.swift in Sources */,
			);
			runOnlyForDeploymentPostprocessing = 0;
		};
		2780222E1C216B2900E7AC47 /* Sources */ = {
			isa = PBXSourcesBuildPhase;
			buildActionMask = 2147483647;
			files = (
				278022391C216B2900E7AC47 /* swiftNongJiBangTests.swift in Sources */,
			);
			runOnlyForDeploymentPostprocessing = 0;
		};
/* End PBXSourcesBuildPhase section */

/* Begin PBXTargetDependency section */
		278022341C216B2900E7AC47 /* PBXTargetDependency */ = {
			isa = PBXTargetDependency;
			target = 2780221C1C216B2900E7AC47 /* swiftNongJiBang */;
			targetProxy = 278022331C216B2900E7AC47 /* PBXContainerItemProxy */;
		};
/* End PBXTargetDependency section */

/* Begin PBXVariantGroup section */
		278022261C216B2900E7AC47 /* Main.storyboard */ = {
			isa = PBXVariantGroup;
			children = (
				278022271C216B2900E7AC47 /* Base */,
			);
			name = Main.storyboard;
			sourceTree = "<group>";
		};
		2780222B1C216B2900E7AC47 /* LaunchScreen.xib */ = {
			isa = PBXVariantGroup;
			children = (
				2780222C1C216B2900E7AC47 /* Base */,
			);
			name = LaunchScreen.xib;
			sourceTree = "<group>";
		};
/* End PBXVariantGroup section */

/* Begin XCBuildConfiguration section */
		2780223A1C216B2900E7AC47 /* Debug */ = {
			isa = XCBuildConfiguration;
			buildSettings = {
				ALWAYS_SEARCH_USER_PATHS = NO;
				CLANG_CXX_LANGUAGE_STANDARD = "gnu++0x";
				CLANG_CXX_LIBRARY = "libc++";
				CLANG_ENABLE_MODULES = YES;
				CLANG_ENABLE_OBJC_ARC = YES;
				CLANG_WARN_BOOL_CONVERSION = YES;
				CLANG_WARN_CONSTANT_CONVERSION = YES;
				CLANG_WARN_DIRECT_OBJC_ISA_USAGE = YES_ERROR;
				CLANG_WARN_EMPTY_BODY = YES;
				CLANG_WARN_ENUM_CONVERSION = YES;
				CLANG_WARN_INT_CONVERSION = YES;
				CLANG_WARN_OBJC_ROOT_CLASS = YES_ERROR;
				CLANG_WARN_UNREACHABLE_CODE = YES;
				CLANG_WARN__DUPLICATE_METHOD_MATCH = YES;
				"CODE_SIGN_IDENTITY[sdk=iphoneos*]" = "iPhone Developer";
				COPY_PHASE_STRIP = NO;
				ENABLE_STRICT_OBJC_MSGSEND = YES;
				GCC_C_LANGUAGE_STANDARD = gnu99;
				GCC_DYNAMIC_NO_PIC = NO;
				GCC_OPTIMIZATION_LEVEL = 0;
				GCC_PREPROCESSOR_DEFINITIONS = (
					"DEBUG=1",
					"$(inherited)",
				);
				GCC_SYMBOLS_PRIVATE_EXTERN = NO;
				GCC_WARN_64_TO_32_BIT_CONVERSION = YES;
				GCC_WARN_ABOUT_RETURN_TYPE = YES_ERROR;
				GCC_WARN_UNDECLARED_SELECTOR = YES;
				GCC_WARN_UNINITIALIZED_AUTOS = YES_AGGRESSIVE;
				GCC_WARN_UNUSED_FUNCTION = YES;
				GCC_WARN_UNUSED_VARIABLE = YES;
				IPHONEOS_DEPLOYMENT_TARGET = 8.1;
				MTL_ENABLE_DEBUG_INFO = YES;
				ONLY_ACTIVE_ARCH = YES;
				SDKROOT = iphoneos;
				SWIFT_OPTIMIZATION_LEVEL = "-Onone";
			};
			name = Debug;
		};
		2780223B1C216B2900E7AC47 /* Release */ = {
			isa = XCBuildConfiguration;
			buildSettings = {
				ALWAYS_SEARCH_USER_PATHS = NO;
				CLANG_CXX_LANGUAGE_STANDARD = "gnu++0x";
				CLANG_CXX_LIBRARY = "libc++";
				CLANG_ENABLE_MODULES = YES;
				CLANG_ENABLE_OBJC_ARC = YES;
				CLANG_WARN_BOOL_CONVERSION = YES;
				CLANG_WARN_CONSTANT_CONVERSION = YES;
				CLANG_WARN_DIRECT_OBJC_ISA_USAGE = YES_ERROR;
				CLANG_WARN_EMPTY_BODY = YES;
				CLANG_WARN_ENUM_CONVERSION = YES;
				CLANG_WARN_INT_CONVERSION = YES;
				CLANG_WARN_OBJC_ROOT_CLASS = YES_ERROR;
				CLANG_WARN_UNREACHABLE_CODE = YES;
				CLANG_WARN__DUPLICATE_METHOD_MATCH = YES;
				"CODE_SIGN_IDENTITY[sdk=iphoneos*]" = "iPhone Developer";
				COPY_PHASE_STRIP = YES;
				ENABLE_NS_ASSERTIONS = NO;
				ENABLE_STRICT_OBJC_MSGSEND = YES;
				GCC_C_LANGUAGE_STANDARD = gnu99;
				GCC_WARN_64_TO_32_BIT_CONVERSION = YES;
				GCC_WARN_ABOUT_RETURN_TYPE = YES_ERROR;
				GCC_WARN_UNDECLARED_SELECTOR = YES;
				GCC_WARN_UNINITIALIZED_AUTOS = YES_AGGRESSIVE;
				GCC_WARN_UNUSED_FUNCTION = YES;
				GCC_WARN_UNUSED_VARIABLE = YES;
				IPHONEOS_DEPLOYMENT_TARGET = 8.1;
				MTL_ENABLE_DEBUG_INFO = NO;
				SDKROOT = iphoneos;
				VALIDATE_PRODUCT = YES;
			};
			name = Release;
		};
		2780223D1C216B2900E7AC47 /* Debug */ = {
			isa = XCBuildConfiguration;
			buildSettings = {
				ASSETCATALOG_COMPILER_APPICON_NAME = AppIcon;
				INFOPLIST_FILE = swiftNongJiBang/Info.plist;
				LD_RUNPATH_SEARCH_PATHS = "$(inherited) @executable_path/Frameworks";
				PRODUCT_NAME = "$(TARGET_NAME)";
			};
			name = Debug;
		};
		2780223E1C216B2900E7AC47 /* Release */ = {
			isa = XCBuildConfiguration;
			buildSettings = {
				ASSETCATALOG_COMPILER_APPICON_NAME = AppIcon;
				INFOPLIST_FILE = swiftNongJiBang/Info.plist;
				LD_RUNPATH_SEARCH_PATHS = "$(inherited) @executable_path/Frameworks";
				PRODUCT_NAME = "$(TARGET_NAME)";
			};
			name = Release;
		};
		278022401C216B2900E7AC47 /* Debug */ = {
			isa = XCBuildConfiguration;
			buildSettings = {
				BUNDLE_LOADER = "$(TEST_HOST)";
				FRAMEWORK_SEARCH_PATHS = (
					"$(SDKROOT)/Developer/Library/Frameworks",
					"$(inherited)",
				);
				GCC_PREPROCESSOR_DEFINITIONS = (
					"DEBUG=1",
					"$(inherited)",
				);
				INFOPLIST_FILE = swiftNongJiBangTests/Info.plist;
				LD_RUNPATH_SEARCH_PATHS = "$(inherited) @executable_path/Frameworks @loader_path/Frameworks";
				PRODUCT_NAME = "$(TARGET_NAME)";
				TEST_HOST = "$(BUILT_PRODUCTS_DIR)/swiftNongJiBang.app/swiftNongJiBang";
			};
			name = Debug;
		};
		278022411C216B2900E7AC47 /* Release */ = {
			isa = XCBuildConfiguration;
			buildSettings = {
				BUNDLE_LOADER = "$(TEST_HOST)";
				FRAMEWORK_SEARCH_PATHS = (
					"$(SDKROOT)/Developer/Library/Frameworks",
					"$(inherited)",
				);
				INFOPLIST_FILE = swiftNongJiBangTests/Info.plist;
				LD_RUNPATH_SEARCH_PATHS = "$(inherited) @executable_path/Frameworks @loader_path/Frameworks";
				PRODUCT_NAME = "$(TARGET_NAME)";
				TEST_HOST = "$(BUILT_PRODUCTS_DIR)/swiftNongJiBang.app/swiftNongJiBang";
			};
			name = Release;
		};
/* End XCBuildConfiguration section */

/* Begin XCConfigurationList section */
		278022181C216B2900E7AC47 /* Build configuration list for PBXProject "swiftNongJiBang" */ = {
			isa = XCConfigurationList;
			buildConfigurations = (
				2780223A1C216B2900E7AC47 /* Debug */,
				2780223B1C216B2900E7AC47 /* Release */,
			);
			defaultConfigurationIsVisible = 0;
			defaultConfigurationName = Release;
		};
		2780223C1C216B2900E7AC47 /* Build configuration list for PBXNativeTarget "swiftNongJiBang" */ = {
			isa = XCConfigurationList;
			buildConfigurations = (
				2780223D1C216B2900E7AC47 /* Debug */,
				2780223E1C216B2900E7AC47 /* Release */,
			);
			defaultConfigurationIsVisible = 0;
		};
		2780223F1C216B2900E7AC47 /* Build configuration list for PBXNativeTarget "swiftNongJiBangTests" */ = {
			isa = XCConfigurationList;
			buildConfigurations = (
				278022401C216B2900E7AC47 /* Debug */,
				278022411C216B2900E7AC47 /* Release */,
			);
			defaultConfigurationIsVisible = 0;
		};
/* End XCConfigurationList section */
	};
	rootObject = 278022151C216B2900E7AC47 /* Project object */;
}
